
Microsoft Visual Studio Solution File, Format Version 12.00
# Visual Studio 15
VisualStudioVersion = 15.0.27130.2036
MinimumVisualStudioVersion = 10.0.40219.1
Project("{FAE04EC0-301F-11D3-BF4B-00C04F79EFBC}") = "JAS", "JAS\JAS.csproj", "{76F6C49C-437C-49C5-8767-5FA5D3BC9A99}"
EndProject
Global
	GlobalSection(SolutionConfigurationPlatforms) = preSolution
		Debug|Any CPU = Debug|Any CPU
		Release|Any CPU = Release|Any CPU
	EndGlobalSection
	GlobalSection(ProjectConfigurationPlatforms) = postSolution
		{76F6C49C-437C-49C5-8767-5FA5D3BC9A99}.Debug|Any CPU.ActiveCfg = Debug|Any CPU
		{76F6C49C-437C-49C5-8767-5FA5D3BC9A99}.Debug|Any CPU.Build.0 = Debug|Any CPU
		{76F6C49C-437C-49C5-8767-5FA5D3BC9A99}.Release|Any CPU.ActiveCfg = Release|Any CPU
		{76F6C49C-437C-49C5-8767-5FA5D3BC9A99}.Release|Any CPU.Build.0 = Release|Any CPU
	EndGlobalSection
	GlobalSection(SolutionProperties) = preSolution
		HideSolutionNode = FALSE
	EndGlobalSection
	GlobalSection(ExtensibilityGlobals) = postSolution
		SolutionGuid = {4D3DD36B-87E1-4DEF-BFE1-E145CA441BF2}
	EndGlobalSection
EndGlobal
